github.com/gost-dev/core v0.0.0-20230914034855-eaffcf97d182 h1:XqSEKtPh4HBT1jUSBa/DgFcdkfIAqdzYCkRSwGGO5VA=
github.com/gost-dev/core v0.0.0-20230914034855-eaffcf97d182/go.mod h1:8nyVqi1nEZbSV453cSnBwfHofJymeJJhocFJziSrOII=
golang.org/x/sys v0.12.0 h1:CM0HF96J0hcLAwsHPJZjfdNzs0gftsLfgKt57wWHJ0o=
golang.org/x/sys v0.12.0/go.mod h1:oPkhp1MJrh7nUepCBck5+mAzfO9JrbApNNgaTdGDITg=
